
Microsoft Visual Studio Solution File, Format Version 12.00
# Visual Studio Version 17
VisualStudioVersion = 17.3.32901.215
MinimumVisualStudioVersion = 10.0.40219.1
Project("{9A19103F-16F7-4668-BE54-9A1E7A4F7556}") = "PetHotel", "PetHotel\PetHotel.csproj", "{FDD73809-2D22-4635-B838-219824F684E8}"
EndProject
Project("{9A19103F-16F7-4668-BE54-9A1E7A4F7556}") = "PetHotel.Infrastructure", "PetHotel.Infrastructure\PetHotel.Infrastructure.csproj", "{55F4A41F-D031-4896-AED0-2CF397D0F06A}"
EndProject
Project("{9A19103F-16F7-4668-BE54-9A1E7A4F7556}") = "PetHotel.Core", "PetHotel.Core\PetHotel.Core.csproj", "{42C64E47-20F7-4B67-9D18-5FD8A0C56796}"
EndProject
Project("{FAE04EC0-301F-11D3-BF4B-00C04F79EFBC}") = "PetHotel.Common", "PetHotel.Common\PetHotel.Common.csproj", "{7E3EE544-BDD9-4389-80D6-765A8F7B22DD}"
EndProject
Global
	GlobalSection(SolutionConfigurationPlatforms) = preSolution
		Debug|Any CPU = Debug|Any CPU
		Release|Any CPU = Release|Any CPU
	EndGlobalSection
	GlobalSection(ProjectConfigurationPlatforms) = postSolution
		{FDD73809-2D22-4635-B838-219824F684E8}.Debug|Any CPU.ActiveCfg = Debug|Any CPU
		{FDD73809-2D22-4635-B838-219824F684E8}.Debug|Any CPU.Build.0 = Debug|Any CPU
		{FDD73809-2D22-4635-B838-219824F684E8}.Release|Any CPU.ActiveCfg = Release|Any CPU
		{FDD73809-2D22-4635-B838-219824F684E8}.Release|Any CPU.Build.0 = Release|Any CPU
		{55F4A41F-D031-4896-AED0-2CF397D0F06A}.Debug|Any CPU.ActiveCfg = Debug|Any CPU
		{55F4A41F-D031-4896-AED0-2CF397D0F06A}.Debug|Any CPU.Build.0 = Debug|Any CPU
		{55F4A41F-D031-4896-AED0-2CF397D0F06A}.Release|Any CPU.ActiveCfg = Release|Any CPU
		{55F4A41F-D031-4896-AED0-2CF397D0F06A}.Release|Any CPU.Build.0 = Release|Any CPU
		{42C64E47-20F7-4B67-9D18-5FD8A0C56796}.Debug|Any CPU.ActiveCfg = Debug|Any CPU
		{42C64E47-20F7-4B67-9D18-5FD8A0C56796}.Debug|Any CPU.Build.0 = Debug|Any CPU
		{42C64E47-20F7-4B67-9D18-5FD8A0C56796}.Release|Any CPU.ActiveCfg = Release|Any CPU
		{42C64E47-20F7-4B67-9D18-5FD8A0C56796}.Release|Any CPU.Build.0 = Release|Any CPU
		{7E3EE544-BDD9-4389-80D6-765A8F7B22DD}.Debug|Any CPU.ActiveCfg = Debug|Any CPU
		{7E3EE544-BDD9-4389-80D6-765A8F7B22DD}.Debug|Any CPU.Build.0 = Debug|Any CPU
		{7E3EE544-BDD9-4389-80D6-765A8F7B22DD}.Release|Any CPU.ActiveCfg = Release|Any CPU
		{7E3EE544-BDD9-4389-80D6-765A8F7B22DD}.Release|Any CPU.Build.0 = Release|Any CPU
	EndGlobalSection
	GlobalSection(SolutionProperties) = preSolution
		HideSolutionNode = FALSE
	EndGlobalSection
	GlobalSection(ExtensibilityGlobals) = postSolution
		SolutionGuid = {053BFEB8-AE90-44C9-95C4-82BF8A0BF5D1}
	EndGlobalSection
EndGlobal
